<?xml version="1.0" encoding="utf-8"?>
<Project ToolsVersion="4.0" xmlns="http://schemas.microsoft.com/developer/msbuild/2003">
  <ItemGroup>
    <Filter Include="Main">
      <UniqueIdentifier>{24a05ca5-7877-4da5-805d-a25c93235e73}</UniqueIdentifier>
    </Filter>
    <Filter Include="Utils">
      <UniqueIdentifier>{cb6d0460-190b-43cd-b08b-8b41dc38dde0}</UniqueIdentifier>
    </Filter>
    <Filter Include="Setting">
      <UniqueIdentifier>{60a522d3-4dd3-4be9-8b4e-4f5305b788a3}</UniqueIdentifier>
    </Filter>
    <Filter Include="Server">
      <UniqueIdentifier>{fca07542-acda-472d-bb71-80034cb1ffd7}</UniqueIdentifier>
    </Filter>
    <Filter Include="Packet">
      <UniqueIdentifier>{ccff2c5e-728c-40af-a1db-62b58d162a4a}</UniqueIdentifier>
    </Filter>
  </ItemGroup>
  <ItemGroup>
    <ClCompile Include="UDP_IOCP_Server.cpp">
      <Filter>Main</Filter>
    </ClCompile>
    <ClCompile Include="Utils.cpp">
      <Filter>Utils</Filter>
    </ClCompile>
    <ClCompile Include="ServerCore.cpp">
      <Filter>Server</Filter>
    </ClCompile>
    <ClCompile Include="ProcessPacket.cpp">
      <Filter>Packet</Filter>
    </ClCompile>
  </ItemGroup>
  <ItemGroup>
    <ClInclude Include="Utils.h">
      <Filter>Utils</Filter>
    </ClInclude>
    <ClInclude Include="ServerCore.h">
      <Filter>Server</Filter>
    </ClInclude>
    <ClInclude Include="PacketInfo.h">
      <Filter>Packet</Filter>
    </ClInclude>
    <ClInclude Include="ProcessPacket.h">
      <Filter>Packet</Filter>
    </ClInclude>
  </ItemGroup>
  <ItemGroup>
    <None Include=".gitignore">
      <Filter>Setting</Filter>
    </None>
    <None Include=".env">
      <Filter>Setting</Filter>
    </None>
  </ItemGroup>
</Project>